
Microsoft Visual Studio Solution File, Format Version 11.00
# Visual Studio 2010
Project("{8BC9CEB8-8B4A-11D0-8D11-00A0C91BC942}") = "2012112850_김치현", "2012112850_김치현.vcxproj", "{3ECFB549-D948-4A8A-8C55-F0A552D0F748}"
EndProject
Global
	GlobalSection(SolutionConfigurationPlatforms) = preSolution
		Debug|Win32 = Debug|Win32
		Release|Win32 = Release|Win32
	EndGlobalSection
	GlobalSection(ProjectConfigurationPlatforms) = postSolution
		{3ECFB549-D948-4A8A-8C55-F0A552D0F748}.Debug|Win32.ActiveCfg = Debug|Win32
		{3ECFB549-D948-4A8A-8C55-F0A552D0F748}.Debug|Win32.Build.0 = Debug|Win32
		{3ECFB549-D948-4A8A-8C55-F0A552D0F748}.Release|Win32.ActiveCfg = Release|Win32
		{3ECFB549-D948-4A8A-8C55-F0A552D0F748}.Release|Win32.Build.0 = Release|Win32
	EndGlobalSection
	GlobalSection(SolutionProperties) = preSolution
		HideSolutionNode = FALSE
	EndGlobalSection
EndGlobal
