
Microsoft Visual Studio Solution File, Format Version 11.00
# Visual Studio 2010
Project("{8BC9CEB8-8B4A-11D0-8D11-00A0C91BC942}") = "0516", "0516.vcxproj", "{89AD865D-135A-4C74-8144-61E333EF77A0}"
EndProject
Global
	GlobalSection(SolutionConfigurationPlatforms) = preSolution
		Debug|Win32 = Debug|Win32
		Release|Win32 = Release|Win32
	EndGlobalSection
	GlobalSection(ProjectConfigurationPlatforms) = postSolution
		{89AD865D-135A-4C74-8144-61E333EF77A0}.Debug|Win32.ActiveCfg = Debug|Win32
		{89AD865D-135A-4C74-8144-61E333EF77A0}.Debug|Win32.Build.0 = Debug|Win32
		{89AD865D-135A-4C74-8144-61E333EF77A0}.Release|Win32.ActiveCfg = Release|Win32
		{89AD865D-135A-4C74-8144-61E333EF77A0}.Release|Win32.Build.0 = Release|Win32
	EndGlobalSection
	GlobalSection(SolutionProperties) = preSolution
		HideSolutionNode = FALSE
	EndGlobalSection
EndGlobal
